
Microsoft Visual Studio Solution File, Format Version 12.00
# Visual Studio 2013
VisualStudioVersion = 12.0.40629.0
MinimumVisualStudioVersion = 10.0.40219.1
Project("{888888A0-9F3D-457C-B088-3A5042F75D52}") = "SystemInitTools", "SystemInitTools\SystemInitTools.pyproj", "{DD8E36C9-EAA1-43AA-A566-E79E2F5FDA58}"
EndProject
Project("{888888A0-9F3D-457C-B088-3A5042F75D52}") = "InitSystemDatabase", "InitSystemDatabase\InitSystemDatabase.pyproj", "{D962BB31-07D2-4CF0-AA17-5D8F15D6EE89}"
EndProject
Global
	GlobalSection(SolutionConfigurationPlatforms) = preSolution
		Debug|Any CPU = Debug|Any CPU
		Release|Any CPU = Release|Any CPU
	EndGlobalSection
	GlobalSection(ProjectConfigurationPlatforms) = postSolution
		{DD8E36C9-EAA1-43AA-A566-E79E2F5FDA58}.Debug|Any CPU.ActiveCfg = Debug|Any CPU
		{DD8E36C9-EAA1-43AA-A566-E79E2F5FDA58}.Release|Any CPU.ActiveCfg = Release|Any CPU
		{D962BB31-07D2-4CF0-AA17-5D8F15D6EE89}.Debug|Any CPU.ActiveCfg = Debug|Any CPU
		{D962BB31-07D2-4CF0-AA17-5D8F15D6EE89}.Release|Any CPU.ActiveCfg = Release|Any CPU
	EndGlobalSection
	GlobalSection(SolutionProperties) = preSolution
		HideSolutionNode = FALSE
	EndGlobalSection
EndGlobal
